# This file is generated by running "yarn install" inside your project.
# Manual changes might be lost - proceed with caution!

__metadata:
  version: 8
  cacheKey: 10c0

"@module-federation/error-codes@npm:0.13.0":
  version: 0.13.0
  resolution: "@module-federation/error-codes@npm:0.13.0"
  checksum: 10c0/a8aec3037dbc2b093266a5861d1ac8fb6b766d2d4167cb9bbd31165cbd26c89ee34d39536c6c39ae37198ae51761867e585fc530f63ea66b16841ad281975857
  languageName: node
  linkType: hard

"@module-federation/runtime-core@npm:0.13.0":
  version: 0.13.0
  resolution: "@module-federation/runtime-core@npm:0.13.0"
  dependencies:
    "@module-federation/error-codes": "npm:0.13.0"
    "@module-federation/sdk": "npm:0.13.0"
  checksum: 10c0/36aeeb616115213d5be731c81c42f8982a8d0bd1a523b4a46804f2eb6e215f25c071764c85a9435a7680d86ae047149cc52d8bd6def79a48184b6397679dc4ad
  languageName: node
  linkType: hard

"@module-federation/runtime-tools@npm:0.13.0":
  version: 0.13.0
  resolution: "@module-federation/runtime-tools@npm:0.13.0"
  dependencies:
    "@module-federation/runtime": "npm:0.13.0"
    "@module-federation/webpack-bundler-runtime": "npm:0.13.0"
  checksum: 10c0/bcd17af41e70be71fa481dc2432e55e6ed92b1c55431ea73f40bb31027e603777de1e85e6eea1af11606834201c78f43b31c18f9045c2b5cd6bb29eb4d23b696
  languageName: node
  linkType: hard

"@module-federation/runtime@npm:0.13.0":
  version: 0.13.0
  resolution: "@module-federation/runtime@npm:0.13.0"
  dependencies:
    "@module-federation/error-codes": "npm:0.13.0"
    "@module-federation/runtime-core": "npm:0.13.0"
    "@module-federation/sdk": "npm:0.13.0"
  checksum: 10c0/d7690ecc498c81638b23c75d512051edb0de4d3a004e0c6915d0fe9497a1f3d204856f15fbf91be3044e0d5752dfdf332d611cc32ae9c84a89815be17e4b3440
  languageName: node
  linkType: hard

"@module-federation/sdk@npm:0.13.0":
  version: 0.13.0
  resolution: "@module-federation/sdk@npm:0.13.0"
  checksum: 10c0/45c05b28caf8fdbd052d43e63b5df85f71fea83dfa7b6631cdbad6dc60a53de2cc145a8ecc9770db9701f115f2d1de9bce58fe23f41eb6c3da5f81c23dc1eefb
  languageName: node
  linkType: hard

"@module-federation/webpack-bundler-runtime@npm:0.13.0":
  version: 0.13.0
  resolution: "@module-federation/webpack-bundler-runtime@npm:0.13.0"
  dependencies:
    "@module-federation/runtime": "npm:0.13.0"
    "@module-federation/sdk": "npm:0.13.0"
  checksum: 10c0/db08e586930f307c5258bc4233f4dfe95981d9518dcd546d57adc0bb97ada991e1f1696e6a3dfa372db37df08dfe6d1c603aa6d13615b6a46867f2e7638243e7
  languageName: node
  linkType: hard

"@rspack/binding-darwin-arm64@npm:1.3.8":
  version: 1.3.8
  resolution: "@rspack/binding-darwin-arm64@npm:1.3.8"
  conditions: os=darwin & cpu=arm64
  languageName: node
  linkType: hard

"@rspack/binding-darwin-x64@npm:1.3.8":
  version: 1.3.8
  resolution: "@rspack/binding-darwin-x64@npm:1.3.8"
  conditions: os=darwin & cpu=x64
  languageName: node
  linkType: hard

"@rspack/binding-linux-arm64-gnu@npm:1.3.8":
  version: 1.3.8
  resolution: "@rspack/binding-linux-arm64-gnu@npm:1.3.8"
  conditions: os=linux & cpu=arm64 & libc=glibc
  languageName: node
  linkType: hard

"@rspack/binding-linux-arm64-musl@npm:1.3.8":
  version: 1.3.8
  resolution: "@rspack/binding-linux-arm64-musl@npm:1.3.8"
  conditions: os=linux & cpu=arm64 & libc=musl
  languageName: node
  linkType: hard

"@rspack/binding-linux-x64-gnu@npm:1.3.8":
  version: 1.3.8
  resolution: "@rspack/binding-linux-x64-gnu@npm:1.3.8"
  conditions: os=linux & cpu=x64 & libc=glibc
  languageName: node
  linkType: hard

"@rspack/binding-linux-x64-musl@npm:1.3.8":
  version: 1.3.8
  resolution: "@rspack/binding-linux-x64-musl@npm:1.3.8"
  conditions: os=linux & cpu=x64 & libc=musl
  languageName: node
  linkType: hard

"@rspack/binding-win32-arm64-msvc@npm:1.3.8":
  version: 1.3.8
  resolution: "@rspack/binding-win32-arm64-msvc@npm:1.3.8"
  conditions: os=win32 & cpu=arm64
  languageName: node
  linkType: hard

"@rspack/binding-win32-ia32-msvc@npm:1.3.8":
  version: 1.3.8
  resolution: "@rspack/binding-win32-ia32-msvc@npm:1.3.8"
  conditions: os=win32 & cpu=ia32
  languageName: node
  linkType: hard

"@rspack/binding-win32-x64-msvc@npm:1.3.8":
  version: 1.3.8
  resolution: "@rspack/binding-win32-x64-msvc@npm:1.3.8"
  conditions: os=win32 & cpu=x64
  languageName: node
  linkType: hard

"@rspack/binding@npm:1.3.8":
  version: 1.3.8
  resolution: "@rspack/binding@npm:1.3.8"
  dependencies:
    "@rspack/binding-darwin-arm64": "npm:1.3.8"
    "@rspack/binding-darwin-x64": "npm:1.3.8"
    "@rspack/binding-linux-arm64-gnu": "npm:1.3.8"
    "@rspack/binding-linux-arm64-musl": "npm:1.3.8"
    "@rspack/binding-linux-x64-gnu": "npm:1.3.8"
    "@rspack/binding-linux-x64-musl": "npm:1.3.8"
    "@rspack/binding-win32-arm64-msvc": "npm:1.3.8"
    "@rspack/binding-win32-ia32-msvc": "npm:1.3.8"
    "@rspack/binding-win32-x64-msvc": "npm:1.3.8"
  dependenciesMeta:
    "@rspack/binding-darwin-arm64":
      optional: true
    "@rspack/binding-darwin-x64":
      optional: true
    "@rspack/binding-linux-arm64-gnu":
      optional: true
    "@rspack/binding-linux-arm64-musl":
      optional: true
    "@rspack/binding-linux-x64-gnu":
      optional: true
    "@rspack/binding-linux-x64-musl":
      optional: true
    "@rspack/binding-win32-arm64-msvc":
      optional: true
    "@rspack/binding-win32-ia32-msvc":
      optional: true
    "@rspack/binding-win32-x64-msvc":
      optional: true
  checksum: 10c0/8e7c6cd4298de884ddabad09e07ff10bf098fe17b1850aa64bdc9fafd8c54da209c852feb14b46dcf098680b6f87bb7a8bb62e5a2a66e2ce12781d8dd678250b
  languageName: node
  linkType: hard

"@rspack/core@npm:^1.3.8":
  version: 1.3.8
  resolution: "@rspack/core@npm:1.3.8"
  dependencies:
    "@module-federation/runtime-tools": "npm:0.13.0"
    "@rspack/binding": "npm:1.3.8"
    "@rspack/lite-tapable": "npm:1.0.1"
    caniuse-lite: "npm:^1.0.30001715"
  peerDependencies:
    "@swc/helpers": ">=0.5.1"
  peerDependenciesMeta:
    "@swc/helpers":
      optional: true
  checksum: 10c0/58a5a3ebe4fb638dc1a98ade56d7269f936a37cef2c9a824e5ce324fa6e90b12d2505e1b61cf54037c83b1ff2c73d7626d1e09334a9644f2997c44ce3dd493cc
  languageName: node
  linkType: hard

"@rspack/lite-tapable@npm:1.0.1":
  version: 1.0.1
  resolution: "@rspack/lite-tapable@npm:1.0.1"
  checksum: 10c0/90bb1bc414dc51ea2d0933e09f78d25584f3f50a85f4cb8228930bd29e5931bf55eff4f348a06c51dd3149fc73b8ae3920bf0ae5ae8a0c9fe1d9b404e6ecf5b7
  languageName: node
  linkType: hard

"@types/node@npm:^22.15.3":
  version: 22.15.3
  resolution: "@types/node@npm:22.15.3"
  dependencies:
    undici-types: "npm:~6.21.0"
  checksum: 10c0/2879f012d1aeba0bfdb5fed80d165f4f2cb3d1f2e1f98a24b18d4a211b4ace7d64bf2622784c78355982ffc1081ba79d0934efc2fb8353913e5871a63609661f
  languageName: node
  linkType: hard

"acorn@npm:^8.14.1":
  version: 8.14.1
  resolution: "acorn@npm:8.14.1"
  bin:
    acorn: bin/acorn
  checksum: 10c0/dbd36c1ed1d2fa3550140000371fcf721578095b18777b85a79df231ca093b08edc6858d75d6e48c73e431c174dcf9214edbd7e6fa5911b93bd8abfa54e47123
  languageName: node
  linkType: hard

"caniuse-lite@npm:^1.0.30001715":
  version: 1.0.30001717
  resolution: "caniuse-lite@npm:1.0.30001717"
  checksum: 10c0/6c0bb1e5182fd578ebe97ee2203250849754a4e17d985839fab527ad27e125a4c4ffce3ece5505217fedf30ea0bbc17ac9f93e9ac525c0389ccba61c6e8345dc
  languageName: node
  linkType: hard

"picomatch@npm:^4.0.2":
  version: 4.0.2
  resolution: "picomatch@npm:4.0.2"
  checksum: 10c0/7c51f3ad2bb42c776f49ebf964c644958158be30d0a510efd5a395e8d49cb5acfed5b82c0c5b365523ce18e6ab85013c9ebe574f60305892ec3fa8eee8304ccc
  languageName: node
  linkType: hard

"typescript@npm:^5.8.3":
  version: 5.8.3
  resolution: "typescript@npm:5.8.3"
  bin:
    tsc: bin/tsc
    tsserver: bin/tsserver
  checksum: 10c0/5f8bb01196e542e64d44db3d16ee0e4063ce4f3e3966df6005f2588e86d91c03e1fb131c2581baf0fb65ee79669eea6e161cd448178986587e9f6844446dbb48
  languageName: node
  linkType: hard

"typescript@patch:typescript@npm%3A^5.8.3#optional!builtin<compat/typescript>":
  version: 5.8.3
  resolution: "typescript@patch:typescript@npm%3A5.8.3#optional!builtin<compat/typescript>::version=5.8.3&hash=5786d5"
  bin:
    tsc: bin/tsc
    tsserver: bin/tsserver
  checksum: 10c0/39117e346ff8ebd87ae1510b3a77d5d92dae5a89bde588c747d25da5c146603a99c8ee588c7ef80faaf123d89ed46f6dbd918d534d641083177d5fac38b8a1cb
  languageName: node
  linkType: hard

"undici-types@npm:~6.21.0":
  version: 6.21.0
  resolution: "undici-types@npm:6.21.0"
  checksum: 10c0/c01ed51829b10aa72fc3ce64b747f8e74ae9b60eafa19a7b46ef624403508a54c526ffab06a14a26b3120d055e1104d7abe7c9017e83ced038ea5cf52f8d5e04
  languageName: node
  linkType: hard

"unplugin-repro@workspace:.":
  version: 0.0.0-use.local
  resolution: "unplugin-repro@workspace:."
  dependencies:
    "@rspack/core": "npm:^1.3.8"
    "@types/node": "npm:^22.15.3"
    typescript: "npm:^5.8.3"
    unplugin: "npm:^2.3.4"
  languageName: unknown
  linkType: soft

"unplugin@npm:^2.3.4":
  version: 2.3.4
  resolution: "unplugin@npm:2.3.4"
  dependencies:
    acorn: "npm:^8.14.1"
    picomatch: "npm:^4.0.2"
    webpack-virtual-modules: "npm:^0.6.2"
  checksum: 10c0/2d5fc0dccfce0e8061157ba24c9776af32c37caa4e145ddd191124e45388601c7790e0f6f95e03125b30bdd4a0e8d3e07edda5df080eaac9e7d56040c57b88f8
  languageName: node
  linkType: hard

"webpack-virtual-modules@npm:^0.6.2":
  version: 0.6.2
  resolution: "webpack-virtual-modules@npm:0.6.2"
  checksum: 10c0/5ffbddf0e84bf1562ff86cf6fcf039c74edf09d78358a6904a09bbd4484e8bb6812dc385fe14330b715031892dcd8423f7a88278b57c9f5002c84c2860179add
  languageName: node
  linkType: hard
